// !$*UTF8*$!
{
	archiveVersion = 1;
	classes = {
	};
	objectVersion = 50;
	objects = {

/* Begin PBXBuildFile section */
		0914240F26C071B50079B99E /* AppDelegate.swift in Sources */ = {isa = PBXBuildFile; fileRef = 0914240E26C071B50079B99E /* AppDelegate.swift */; };
		0914241126C071B50079B99E /* SceneDelegate.swift in Sources */ = {isa = PBXBuildFile; fileRef = 0914241026C071B50079B99E /* SceneDelegate.swift */; };
		0914241326C071B50079B99E /* AuthViewController.swift in Sources */ = {isa = PBXBuildFile; fileRef = 0914241226C071B50079B99E /* AuthViewController.swift */; };
		0914241826C071B70079B99E /* Assets.xcassets in Resources */ = {isa = PBXBuildFile; fileRef = 0914241726C071B70079B99E /* Assets.xcassets */; };
		0914241B26C071B70079B99E /* LaunchScreen.storyboard in Resources */ = {isa = PBXBuildFile; fileRef = 0914241926C071B70079B99E /* LaunchScreen.storyboard */; };
		0914242326C154F60079B99E /* UIButton + Extension.swift in Sources */ = {isa = PBXBuildFile; fileRef = 0914242226C154F60079B99E /* UIButton + Extension.swift */; };
		0914242526C156D50079B99E /* UIFont + Extension.swift in Sources */ = {isa = PBXBuildFile; fileRef = 0914242426C156D50079B99E /* UIFont + Extension.swift */; };
		0914242726C1577F0079B99E /* UIColor + Extension.swift in Sources */ = {isa = PBXBuildFile; fileRef = 0914242626C1577F0079B99E /* UIColor + Extension.swift */; };
		0914242926C2890C0079B99E /* UILabel + Extension.swift in Sources */ = {isa = PBXBuildFile; fileRef = 0914242826C2890C0079B99E /* UILabel + Extension.swift */; };
		0914242B26C289A30079B99E /* UIImageView + Extension.swift in Sources */ = {isa = PBXBuildFile; fileRef = 0914242A26C289A30079B99E /* UIImageView + Extension.swift */; };
		0916124126CD6CF70020601C /* ActiveChatCell.swift in Sources */ = {isa = PBXBuildFile; fileRef = 0916124026CD6CF70020601C /* ActiveChatCell.swift */; };
		0916124326CEB81E0020601C /* AddPhotoView.swift in Sources */ = {isa = PBXBuildFile; fileRef = 0916124226CEB81E0020601C /* AddPhotoView.swift */; };
		0916124526D0289D0020601C /* SegmentedControl + Extension.swift in Sources */ = {isa = PBXBuildFile; fileRef = 0916124426D0289D0020601C /* SegmentedControl + Extension.swift */; };
		094E55B426C3E0D700B33C46 /* ButtonFormView.swift in Sources */ = {isa = PBXBuildFile; fileRef = 094E55B326C3E0D700B33C46 /* ButtonFormView.swift */; };
		0973882B26CC2FAC00EDC23F /* ListViewController.swift in Sources */ = {isa = PBXBuildFile; fileRef = 0973882A26CC2FAC00EDC23F /* ListViewController.swift */; };
		09B5622926C3F5F9006A8E08 /* StackView + Extension.swift in Sources */ = {isa = PBXBuildFile; fileRef = 09B5622826C3F5F9006A8E08 /* StackView + Extension.swift */; };
		09B5622B26C42360006A8E08 /* SignUpViewController.swift in Sources */ = {isa = PBXBuildFile; fileRef = 09B5622A26C42360006A8E08 /* SignUpViewController.swift */; };
		09B5622D26C4256E006A8E08 /* OneLineTextField.swift in Sources */ = {isa = PBXBuildFile; fileRef = 09B5622C26C4256E006A8E08 /* OneLineTextField.swift */; };
		09B5622F26C5B97C006A8E08 /* LoginViewController.swift in Sources */ = {isa = PBXBuildFile; fileRef = 09B5622E26C5B97C006A8E08 /* LoginViewController.swift */; };
		09B5623126C6FD19006A8E08 /* SetupProfileViewController.swift in Sources */ = {isa = PBXBuildFile; fileRef = 09B5623026C6FD19006A8E08 /* SetupProfileViewController.swift */; };
/* End PBXBuildFile section */

/* Begin PBXFileReference section */
		0914240B26C071B50079B99E /* IChat.app */ = {isa = PBXFileReference; explicitFileType = wrapper.application; includeInIndex = 0; path = IChat.app; sourceTree = BUILT_PRODUCTS_DIR; };
		0914240E26C071B50079B99E /* AppDelegate.swift */ = {isa = PBXFileReference; lastKnownFileType = sourcecode.swift; path = AppDelegate.swift; sourceTree = "<group>"; };
		0914241026C071B50079B99E /* SceneDelegate.swift */ = {isa = PBXFileReference; lastKnownFileType = sourcecode.swift; path = SceneDelegate.swift; sourceTree = "<group>"; };
		0914241226C071B50079B99E /* AuthViewController.swift */ = {isa = PBXFileReference; lastKnownFileType = sourcecode.swift; path = AuthViewController.swift; sourceTree = "<group>"; };
		0914241726C071B70079B99E /* Assets.xcassets */ = {isa = PBXFileReference; lastKnownFileType = folder.assetcatalog; path = Assets.xcassets; sourceTree = "<group>"; };
		0914241A26C071B70079B99E /* Base */ = {isa = PBXFileReference; lastKnownFileType = file.storyboard; name = Base; path = Base.lproj/LaunchScreen.storyboard; sourceTree = "<group>"; };
		0914241C26C071B70079B99E /* Info.plist */ = {isa = PBXFileReference; lastKnownFileType = text.plist.xml; path = Info.plist; sourceTree = "<group>"; };
		0914242226C154F60079B99E /* UIButton + Extension.swift */ = {isa = PBXFileReference; lastKnownFileType = sourcecode.swift; path = "UIButton + Extension.swift"; sourceTree = "<group>"; };
		0914242426C156D50079B99E /* UIFont + Extension.swift */ = {isa = PBXFileReference; lastKnownFileType = sourcecode.swift; path = "UIFont + Extension.swift"; sourceTree = "<group>"; };
		0914242626C1577F0079B99E /* UIColor + Extension.swift */ = {isa = PBXFileReference; lastKnownFileType = sourcecode.swift; path = "UIColor + Extension.swift"; sourceTree = "<group>"; };
		0914242826C2890C0079B99E /* UILabel + Extension.swift */ = {isa = PBXFileReference; lastKnownFileType = sourcecode.swift; path = "UILabel + Extension.swift"; sourceTree = "<group>"; };
		0914242A26C289A30079B99E /* UIImageView + Extension.swift */ = {isa = PBXFileReference; lastKnownFileType = sourcecode.swift; path = "UIImageView + Extension.swift"; sourceTree = "<group>"; };
		0916124026CD6CF70020601C /* ActiveChatCell.swift */ = {isa = PBXFileReference; lastKnownFileType = sourcecode.swift; path = ActiveChatCell.swift; sourceTree = "<group>"; };
		0916124226CEB81E0020601C /* AddPhotoView.swift */ = {isa = PBXFileReference; lastKnownFileType = sourcecode.swift; path = AddPhotoView.swift; sourceTree = "<group>"; };
		0916124426D0289D0020601C /* SegmentedControl + Extension.swift */ = {isa = PBXFileReference; lastKnownFileType = sourcecode.swift; path = "SegmentedControl + Extension.swift"; sourceTree = "<group>"; };
		094E55B326C3E0D700B33C46 /* ButtonFormView.swift */ = {isa = PBXFileReference; lastKnownFileType = sourcecode.swift; path = ButtonFormView.swift; sourceTree = "<group>"; };
		0973882A26CC2FAC00EDC23F /* ListViewController.swift */ = {isa = PBXFileReference; lastKnownFileType = sourcecode.swift; path = ListViewController.swift; sourceTree = "<group>"; };
		09B5622826C3F5F9006A8E08 /* StackView + Extension.swift */ = {isa = PBXFileReference; lastKnownFileType = sourcecode.swift; path = "StackView + Extension.swift"; sourceTree = "<group>"; };
		09B5622A26C42360006A8E08 /* SignUpViewController.swift */ = {isa = PBXFileReference; lastKnownFileType = sourcecode.swift; path = SignUpViewController.swift; sourceTree = "<group>"; };
		09B5622C26C4256E006A8E08 /* OneLineTextField.swift */ = {isa = PBXFileReference; lastKnownFileType = sourcecode.swift; path = OneLineTextField.swift; sourceTree = "<group>"; };
		09B5622E26C5B97C006A8E08 /* LoginViewController.swift */ = {isa = PBXFileReference; lastKnownFileType = sourcecode.swift; path = LoginViewController.swift; sourceTree = "<group>"; };
		09B5623026C6FD19006A8E08 /* SetupProfileViewController.swift */ = {isa = PBXFileReference; lastKnownFileType = sourcecode.swift; path = SetupProfileViewController.swift; sourceTree = "<group>"; };
/* End PBXFileReference section */

/* Begin PBXFrameworksBuildPhase section */
		0914240826C071B50079B99E /* Frameworks */ = {
			isa = PBXFrameworksBuildPhase;
			buildActionMask = 2147483647;
			files = (
			);
			runOnlyForDeploymentPostprocessing = 0;
		};
/* End PBXFrameworksBuildPhase section */

/* Begin PBXGroup section */
		0914240226C071B50079B99E = {
			isa = PBXGroup;
			children = (
				0914240D26C071B50079B99E /* IChat */,
				0914240C26C071B50079B99E /* Products */,
			);
			sourceTree = "<group>";
		};
		0914240C26C071B50079B99E /* Products */ = {
			isa = PBXGroup;
			children = (
				0914240B26C071B50079B99E /* IChat.app */,
			);
			name = Products;
			sourceTree = "<group>";
		};
		0914240D26C071B50079B99E /* IChat */ = {
			isa = PBXGroup;
			children = (
				0916123E26CD6CCB0020601C /* Controllers */,
				0914240E26C071B50079B99E /* AppDelegate.swift */,
				0914241026C071B50079B99E /* SceneDelegate.swift */,
				0914241226C071B50079B99E /* AuthViewController.swift */,
				09B5622A26C42360006A8E08 /* SignUpViewController.swift */,
				09B5622E26C5B97C006A8E08 /* LoginViewController.swift */,
				09B5623026C6FD19006A8E08 /* SetupProfileViewController.swift */,
				0973882A26CC2FAC00EDC23F /* ListViewController.swift */,
				094E55B226C3DF9800B33C46 /* Extensions */,
				0914241726C071B70079B99E /* Assets.xcassets */,
				0914241926C071B70079B99E /* LaunchScreen.storyboard */,
				0914241C26C071B70079B99E /* Info.plist */,
			);
			path = IChat;
			sourceTree = "<group>";
		};
		0916123E26CD6CCB0020601C /* Controllers */ = {
			isa = PBXGroup;
			children = (
				0916123F26CD6CD90020601C /* Cell */,
			);
			path = Controllers;
			sourceTree = "<group>";
		};
		0916123F26CD6CD90020601C /* Cell */ = {
			isa = PBXGroup;
			children = (
				0916124026CD6CF70020601C /* ActiveChatCell.swift */,
			);
			path = Cell;
			sourceTree = "<group>";
		};
		094E55B126C3DF8800B33C46 /* UIKit */ = {
			isa = PBXGroup;
			children = (
				0914242226C154F60079B99E /* UIButton + Extension.swift */,
				0914242A26C289A30079B99E /* UIImageView + Extension.swift */,
				0914242826C2890C0079B99E /* UILabel + Extension.swift */,
				0914242426C156D50079B99E /* UIFont + Extension.swift */,
				0914242626C1577F0079B99E /* UIColor + Extension.swift */,
				09B5622826C3F5F9006A8E08 /* StackView + Extension.swift */,
			);
			path = UIKit;
			sourceTree = "<group>";
		};
		094E55B226C3DF9800B33C46 /* Extensions */ = {
			isa = PBXGroup;
			children = (
				0916124226CEB81E0020601C /* AddPhotoView.swift */,
				094E55B326C3E0D700B33C46 /* ButtonFormView.swift */,
				09B5622C26C4256E006A8E08 /* OneLineTextField.swift */,
				094E55B126C3DF8800B33C46 /* UIKit */,
				0916124426D0289D0020601C /* SegmentedControl + Extension.swift */,
			);
			path = Extensions;
			sourceTree = "<group>";
		};
/* End PBXGroup section */

/* Begin PBXNativeTarget section */
		0914240A26C071B50079B99E /* IChat */ = {
			isa = PBXNativeTarget;
			buildConfigurationList = 0914241F26C071B70079B99E /* Build configuration list for PBXNativeTarget "IChat" */;
			buildPhases = (
				0914240726C071B50079B99E /* Sources */,
				0914240826C071B50079B99E /* Frameworks */,
				0914240926C071B50079B99E /* Resources */,
			);
			buildRules = (
			);
			dependencies = (
			);
			name = IChat;
			productName = IChat;
			productReference = 0914240B26C071B50079B99E /* IChat.app */;
			productType = "com.apple.product-type.application";
		};
/* End PBXNativeTarget section */

/* Begin PBXProject section */
		0914240326C071B50079B99E /* Project object */ = {
			isa = PBXProject;
			attributes = {
				LastSwiftUpdateCheck = 1250;
				LastUpgradeCheck = 1250;
				TargetAttributes = {
					0914240A26C071B50079B99E = {
						CreatedOnToolsVersion = 12.5.1;
					};
				};
			};
			buildConfigurationList = 0914240626C071B50079B99E /* Build configuration list for PBXProject "IChat" */;
			compatibilityVersion = "Xcode 9.3";
			developmentRegion = en;
			hasScannedForEncodings = 0;
			knownRegions = (
				en,
				Base,
			);
			mainGroup = 0914240226C071B50079B99E;
			productRefGroup = 0914240C26C071B50079B99E /* Products */;
			projectDirPath = "";
			projectRoot = "";
			targets = (
				0914240A26C071B50079B99E /* IChat */,
			);
		};
/* End PBXProject section */

/* Begin PBXResourcesBuildPhase section */
		0914240926C071B50079B99E /* Resources */ = {
			isa = PBXResourcesBuildPhase;
			buildActionMask = 2147483647;
			files = (
				0914241B26C071B70079B99E /* LaunchScreen.storyboard in Resources */,
				0914241826C071B70079B99E /* Assets.xcassets in Resources */,
			);
			runOnlyForDeploymentPostprocessing = 0;
		};
/* End PBXResourcesBuildPhase section */

/* Begin PBXSourcesBuildPhase section */
		0914240726C071B50079B99E /* Sources */ = {
			isa = PBXSourcesBuildPhase;
			buildActionMask = 2147483647;
			files = (
				0916124526D0289D0020601C /* SegmentedControl + Extension.swift in Sources */,
				09B5622D26C4256E006A8E08 /* OneLineTextField.swift in Sources */,
				09B5622B26C42360006A8E08 /* SignUpViewController.swift in Sources */,
				0914242526C156D50079B99E /* UIFont + Extension.swift in Sources */,
				0914241326C071B50079B99E /* AuthViewController.swift in Sources */,
				09B5623126C6FD19006A8E08 /* SetupProfileViewController.swift in Sources */,
				0914242926C2890C0079B99E /* UILabel + Extension.swift in Sources */,
				094E55B426C3E0D700B33C46 /* ButtonFormView.swift in Sources */,
				0914240F26C071B50079B99E /* AppDelegate.swift in Sources */,
				0916124326CEB81E0020601C /* AddPhotoView.swift in Sources */,
				0973882B26CC2FAC00EDC23F /* ListViewController.swift in Sources */,
				0914242B26C289A30079B99E /* UIImageView + Extension.swift in Sources */,
				0914242726C1577F0079B99E /* UIColor + Extension.swift in Sources */,
				0916124126CD6CF70020601C /* ActiveChatCell.swift in Sources */,
				0914241126C071B50079B99E /* SceneDelegate.swift in Sources */,
				0914242326C154F60079B99E /* UIButton + Extension.swift in Sources */,
				09B5622F26C5B97C006A8E08 /* LoginViewController.swift in Sources */,
				09B5622926C3F5F9006A8E08 /* StackView + Extension.swift in Sources */,
			);
			runOnlyForDeploymentPostprocessing = 0;
		};
/* End PBXSourcesBuildPhase section */

/* Begin PBXVariantGroup section */
		0914241926C071B70079B99E /* LaunchScreen.storyboard */ = {
			isa = PBXVariantGroup;
			children = (
				0914241A26C071B70079B99E /* Base */,
			);
			name = LaunchScreen.storyboard;
			sourceTree = "<group>";
		};
/* End PBXVariantGroup section */

/* Begin XCBuildConfiguration section */
		0914241D26C071B70079B99E /* Debug */ = {
			isa = XCBuildConfiguration;
			buildSettings = {
				ALWAYS_SEARCH_USER_PATHS = NO;
				CLANG_ANALYZER_NONNULL = YES;
				CLANG_ANALYZER_NUMBER_OBJECT_CONVERSION = YES_AGGRESSIVE;
				CLANG_CXX_LANGUAGE_STANDARD = "gnu++14";
				CLANG_CXX_LIBRARY = "libc++";
				CLANG_ENABLE_MODULES = YES;
				CLANG_ENABLE_OBJC_ARC = YES;
				CLANG_ENABLE_OBJC_WEAK = YES;
				CLANG_WARN_BLOCK_CAPTURE_AUTORELEASING = YES;
				CLANG_WARN_BOOL_CONVERSION = YES;
				CLANG_WARN_COMMA = YES;
				CLANG_WARN_CONSTANT_CONVERSION = YES;
				CLANG_WARN_DEPRECATED_OBJC_IMPLEMENTATIONS = YES;
				CLANG_WARN_DIRECT_OBJC_ISA_USAGE = YES_ERROR;
				CLANG_WARN_DOCUMENTATION_COMMENTS = YES;
				CLANG_WARN_EMPTY_BODY = YES;
				CLANG_WARN_ENUM_CONVERSION = YES;
				CLANG_WARN_INFINITE_RECURSION = YES;
				CLANG_WARN_INT_CONVERSION = YES;
				CLANG_WARN_NON_LITERAL_NULL_CONVERSION = YES;
				CLANG_WARN_OBJC_IMPLICIT_RETAIN_SELF = YES;
				CLANG_WARN_OBJC_LITERAL_CONVERSION = YES;
				CLANG_WARN_OBJC_ROOT_CLASS = YES_ERROR;
				CLANG_WARN_QUOTED_INCLUDE_IN_FRAMEWORK_HEADER = YES;
				CLANG_WARN_RANGE_LOOP_ANALYSIS = YES;
				CLANG_WARN_STRICT_PROTOTYPES = YES;
				CLANG_WARN_SUSPICIOUS_MOVE = YES;
				CLANG_WARN_UNGUARDED_AVAILABILITY = YES_AGGRESSIVE;
				CLANG_WARN_UNREACHABLE_CODE = YES;
				CLANG_WARN__DUPLICATE_METHOD_MATCH = YES;
				COPY_PHASE_STRIP = NO;
				DEBUG_INFORMATION_FORMAT = dwarf;
				ENABLE_STRICT_OBJC_MSGSEND = YES;
				ENABLE_TESTABILITY = YES;
				GCC_C_LANGUAGE_STANDARD = gnu11;
				GCC_DYNAMIC_NO_PIC = NO;
				GCC_NO_COMMON_BLOCKS = YES;
				GCC_OPTIMIZATION_LEVEL = 0;
				GCC_PREPROCESSOR_DEFINITIONS = (
					"DEBUG=1",
					"$(inherited)",
				);
				GCC_WARN_64_TO_32_BIT_CONVERSION = YES;
				GCC_WARN_ABOUT_RETURN_TYPE = YES_ERROR;
				GCC_WARN_UNDECLARED_SELECTOR = YES;
				GCC_WARN_UNINITIALIZED_AUTOS = YES_AGGRESSIVE;
				GCC_WARN_UNUSED_FUNCTION = YES;
				GCC_WARN_UNUSED_VARIABLE = YES;
				IPHONEOS_DEPLOYMENT_TARGET = 14.5;
				MTL_ENABLE_DEBUG_INFO = INCLUDE_SOURCE;
				MTL_FAST_MATH = YES;
				ONLY_ACTIVE_ARCH = YES;
				SDKROOT = iphoneos;
				SWIFT_ACTIVE_COMPILATION_CONDITIONS = DEBUG;
				SWIFT_OPTIMIZATION_LEVEL = "-Onone";
			};
			name = Debug;
		};
		0914241E26C071B70079B99E /* Release */ = {
			isa = XCBuildConfiguration;
			buildSettings = {
				ALWAYS_SEARCH_USER_PATHS = NO;
				CLANG_ANALYZER_NONNULL = YES;
				CLANG_ANALYZER_NUMBER_OBJECT_CONVERSION = YES_AGGRESSIVE;
				CLANG_CXX_LANGUAGE_STANDARD = "gnu++14";
				CLANG_CXX_LIBRARY = "libc++";
				CLANG_ENABLE_MODULES = YES;
				CLANG_ENABLE_OBJC_ARC = YES;
				CLANG_ENABLE_OBJC_WEAK = YES;
				CLANG_WARN_BLOCK_CAPTURE_AUTORELEASING = YES;
				CLANG_WARN_BOOL_CONVERSION = YES;
				CLANG_WARN_COMMA = YES;
				CLANG_WARN_CONSTANT_CONVERSION = YES;
				CLANG_WARN_DEPRECATED_OBJC_IMPLEMENTATIONS = YES;
				CLANG_WARN_DIRECT_OBJC_ISA_USAGE = YES_ERROR;
				CLANG_WARN_DOCUMENTATION_COMMENTS = YES;
				CLANG_WARN_EMPTY_BODY = YES;
				CLANG_WARN_ENUM_CONVERSION = YES;
				CLANG_WARN_INFINITE_RECURSION = YES;
				CLANG_WARN_INT_CONVERSION = YES;
				CLANG_WARN_NON_LITERAL_NULL_CONVERSION = YES;
				CLANG_WARN_OBJC_IMPLICIT_RETAIN_SELF = YES;
				CLANG_WARN_OBJC_LITERAL_CONVERSION = YES;
				CLANG_WARN_OBJC_ROOT_CLASS = YES_ERROR;
				CLANG_WARN_QUOTED_INCLUDE_IN_FRAMEWORK_HEADER = YES;
				CLANG_WARN_RANGE_LOOP_ANALYSIS = YES;
				CLANG_WARN_STRICT_PROTOTYPES = YES;
				CLANG_WARN_SUSPICIOUS_MOVE = YES;
				CLANG_WARN_UNGUARDED_AVAILABILITY = YES_AGGRESSIVE;
				CLANG_WARN_UNREACHABLE_CODE = YES;
				CLANG_WARN__DUPLICATE_METHOD_MATCH = YES;
				COPY_PHASE_STRIP = NO;
				DEBUG_INFORMATION_FORMAT = "dwarf-with-dsym";
				ENABLE_NS_ASSERTIONS = NO;
				ENABLE_STRICT_OBJC_MSGSEND = YES;
				GCC_C_LANGUAGE_STANDARD = gnu11;
				GCC_NO_COMMON_BLOCKS = YES;
				GCC_WARN_64_TO_32_BIT_CONVERSION = YES;
				GCC_WARN_ABOUT_RETURN_TYPE = YES_ERROR;
				GCC_WARN_UNDECLARED_SELECTOR = YES;
				GCC_WARN_UNINITIALIZED_AUTOS = YES_AGGRESSIVE;
				GCC_WARN_UNUSED_FUNCTION = YES;
				GCC_WARN_UNUSED_VARIABLE = YES;
				IPHONEOS_DEPLOYMENT_TARGET = 14.5;
				MTL_ENABLE_DEBUG_INFO = NO;
				MTL_FAST_MATH = YES;
				SDKROOT = iphoneos;
				SWIFT_COMPILATION_MODE = wholemodule;
				SWIFT_OPTIMIZATION_LEVEL = "-O";
				VALIDATE_PRODUCT = YES;
			};
			name = Release;
		};
		0914242026C071B70079B99E /* Debug */ = {
			isa = XCBuildConfiguration;
			buildSettings = {
				ASSETCATALOG_COMPILER_APPICON_NAME = AppIcon;
				ASSETCATALOG_COMPILER_GLOBAL_ACCENT_COLOR_NAME = AccentColor;
				CODE_SIGN_STYLE = Automatic;
				DEVELOPMENT_TEAM = K9HRPHZ76R;
				INFOPLIST_FILE = IChat/Info.plist;
				LD_RUNPATH_SEARCH_PATHS = (
					"$(inherited)",
					"@executable_path/Frameworks",
				);
				PRODUCT_BUNDLE_IDENTIFIER = ilyawtesti.IChat;
				PRODUCT_NAME = "$(TARGET_NAME)";
				SWIFT_VERSION = 5.0;
				TARGETED_DEVICE_FAMILY = "1,2";
			};
			name = Debug;
		};
		0914242126C071B70079B99E /* Release */ = {
			isa = XCBuildConfiguration;
			buildSettings = {
				ASSETCATALOG_COMPILER_APPICON_NAME = AppIcon;
				ASSETCATALOG_COMPILER_GLOBAL_ACCENT_COLOR_NAME = AccentColor;
				CODE_SIGN_STYLE = Automatic;
				DEVELOPMENT_TEAM = K9HRPHZ76R;
				INFOPLIST_FILE = IChat/Info.plist;
				LD_RUNPATH_SEARCH_PATHS = (
					"$(inherited)",
					"@executable_path/Frameworks",
				);
				PRODUCT_BUNDLE_IDENTIFIER = ilyawtesti.IChat;
				PRODUCT_NAME = "$(TARGET_NAME)";
				SWIFT_VERSION = 5.0;
				TARGETED_DEVICE_FAMILY = "1,2";
			};
			name = Release;
		};
/* End XCBuildConfiguration section */

/* Begin XCConfigurationList section */
		0914240626C071B50079B99E /* Build configuration list for PBXProject "IChat" */ = {
			isa = XCConfigurationList;
			buildConfigurations = (
				0914241D26C071B70079B99E /* Debug */,
				0914241E26C071B70079B99E /* Release */,
			);
			defaultConfigurationIsVisible = 0;
			defaultConfigurationName = Release;
		};
		0914241F26C071B70079B99E /* Build configuration list for PBXNativeTarget "IChat" */ = {
			isa = XCConfigurationList;
			buildConfigurations = (
				0914242026C071B70079B99E /* Debug */,
				0914242126C071B70079B99E /* Release */,
			);
			defaultConfigurationIsVisible = 0;
			defaultConfigurationName = Release;
		};
/* End XCConfigurationList section */
	};
	rootObject = 0914240326C071B50079B99E /* Project object */;
}
